
Microsoft Visual Studio Solution File, Format Version 12.00
# Visual Studio 2012
Project("{FAE04EC0-301F-11D3-BF4B-00C04F79EFBC}") = "AcessoBancoDados", "ClassLibrary1\AcessoBancoDados.csproj", "{D5C01817-8693-49B6-A21F-222C536E7C56}"
EndProject
Project("{FAE04EC0-301F-11D3-BF4B-00C04F79EFBC}") = "Negocios", "Negocios\Negocios.csproj", "{C499616A-5718-4F29-8412-0C895884B6FB}"
EndProject
Project("{FAE04EC0-301F-11D3-BF4B-00C04F79EFBC}") = "ObjetoTransferencia", "ObjetoTransferencia\ObjetoTransferencia.csproj", "{08CDC350-2A0F-4A15-9F86-B0FED3728079}"
EndProject
Project("{FAE04EC0-301F-11D3-BF4B-00C04F79EFBC}") = "Apresentacao", "Apresentacao\Apresentacao.csproj", "{B4326F11-DFB8-499C-99C1-3AA085C5A55F}"
EndProject
Global
	GlobalSection(SolutionConfigurationPlatforms) = preSolution
		Debug|Any CPU = Debug|Any CPU
		Release|Any CPU = Release|Any CPU
	EndGlobalSection
	GlobalSection(ProjectConfigurationPlatforms) = postSolution
		{D5C01817-8693-49B6-A21F-222C536E7C56}.Debug|Any CPU.ActiveCfg = Debug|Any CPU
		{D5C01817-8693-49B6-A21F-222C536E7C56}.Debug|Any CPU.Build.0 = Debug|Any CPU
		{D5C01817-8693-49B6-A21F-222C536E7C56}.Release|Any CPU.ActiveCfg = Release|Any CPU
		{D5C01817-8693-49B6-A21F-222C536E7C56}.Release|Any CPU.Build.0 = Release|Any CPU
		{C499616A-5718-4F29-8412-0C895884B6FB}.Debug|Any CPU.ActiveCfg = Debug|Any CPU
		{C499616A-5718-4F29-8412-0C895884B6FB}.Debug|Any CPU.Build.0 = Debug|Any CPU
		{C499616A-5718-4F29-8412-0C895884B6FB}.Release|Any CPU.ActiveCfg = Release|Any CPU
		{C499616A-5718-4F29-8412-0C895884B6FB}.Release|Any CPU.Build.0 = Release|Any CPU
		{08CDC350-2A0F-4A15-9F86-B0FED3728079}.Debug|Any CPU.ActiveCfg = Debug|Any CPU
		{08CDC350-2A0F-4A15-9F86-B0FED3728079}.Debug|Any CPU.Build.0 = Debug|Any CPU
		{08CDC350-2A0F-4A15-9F86-B0FED3728079}.Release|Any CPU.ActiveCfg = Release|Any CPU
		{08CDC350-2A0F-4A15-9F86-B0FED3728079}.Release|Any CPU.Build.0 = Release|Any CPU
		{B4326F11-DFB8-499C-99C1-3AA085C5A55F}.Debug|Any CPU.ActiveCfg = Debug|Any CPU
		{B4326F11-DFB8-499C-99C1-3AA085C5A55F}.Debug|Any CPU.Build.0 = Debug|Any CPU
		{B4326F11-DFB8-499C-99C1-3AA085C5A55F}.Release|Any CPU.ActiveCfg = Release|Any CPU
		{B4326F11-DFB8-499C-99C1-3AA085C5A55F}.Release|Any CPU.Build.0 = Release|Any CPU
	EndGlobalSection
	GlobalSection(SolutionProperties) = preSolution
		HideSolutionNode = FALSE
	EndGlobalSection
EndGlobal
